
Microsoft Visual Studio Solution File, Format Version 12.00
# Visual Studio Version 16
VisualStudioVersion = 16.0.29613.14
MinimumVisualStudioVersion = 10.0.40219.1
Project("{FAE04EC0-301F-11D3-BF4B-00C04F79EFBC}") = "ConsoleUI", "ConsoleUI\ConsoleUI.csproj", "{5F0855C0-C3B5-4AE0-A8CE-6E8209543FCD}"
EndProject
Global
	GlobalSection(SolutionConfigurationPlatforms) = preSolution
		Debug|Any CPU = Debug|Any CPU
		Release|Any CPU = Release|Any CPU
	EndGlobalSection
	GlobalSection(ProjectConfigurationPlatforms) = postSolution
		{5F0855C0-C3B5-4AE0-A8CE-6E8209543FCD}.Debug|Any CPU.ActiveCfg = Debug|Any CPU
		{5F0855C0-C3B5-4AE0-A8CE-6E8209543FCD}.Debug|Any CPU.Build.0 = Debug|Any CPU
		{5F0855C0-C3B5-4AE0-A8CE-6E8209543FCD}.Release|Any CPU.ActiveCfg = Release|Any CPU
		{5F0855C0-C3B5-4AE0-A8CE-6E8209543FCD}.Release|Any CPU.Build.0 = Release|Any CPU
	EndGlobalSection
	GlobalSection(SolutionProperties) = preSolution
		HideSolutionNode = FALSE
	EndGlobalSection
	GlobalSection(ExtensibilityGlobals) = postSolution
		SolutionGuid = {7843FAA2-66C3-4335-AAAC-45AF8C90E00B}
	EndGlobalSection
EndGlobal
